
Microsoft Visual Studio Solution File, Format Version 12.00
# Visual Studio Version 16
VisualStudioVersion = 25.0.1706.1
MinimumVisualStudioVersion = 10.0.40219.1
Project("{FAE04EC0-301F-11D3-BF4B-00C04F79EFBC}") = "MagicVilla_API", "MagicVilla_API\MagicVilla_API.csproj", "{F2BE2839-040B-4DC1-BE1E-BD3A8EA310C9}"
EndProject
Project("{2150E333-8FDC-42A3-9474-1A3956D46DE8}") = "Solution Items", "Solution Items", "{AB1AAD4A-1A72-46CE-ADF4-7B31FE5EED74}"
	ProjectSection(SolutionItems) = preProject
		.editorconfig = .editorconfig
	EndProjectSection
EndProject
Global
	GlobalSection(SolutionConfigurationPlatforms) = preSolution
		Debug|Any CPU = Debug|Any CPU
		Release|Any CPU = Release|Any CPU
	EndGlobalSection
	GlobalSection(ProjectConfigurationPlatforms) = postSolution
		{F2BE2839-040B-4DC1-BE1E-BD3A8EA310C9}.Debug|Any CPU.ActiveCfg = Debug|Any CPU
		{F2BE2839-040B-4DC1-BE1E-BD3A8EA310C9}.Debug|Any CPU.Build.0 = Debug|Any CPU
		{F2BE2839-040B-4DC1-BE1E-BD3A8EA310C9}.Release|Any CPU.ActiveCfg = Release|Any CPU
		{F2BE2839-040B-4DC1-BE1E-BD3A8EA310C9}.Release|Any CPU.Build.0 = Release|Any CPU
	EndGlobalSection
	GlobalSection(SolutionProperties) = preSolution
		HideSolutionNode = FALSE
	EndGlobalSection
	GlobalSection(ExtensibilityGlobals) = postSolution
		SolutionGuid = {06ECD5C0-42A0-407F-A166-9C9F34E31824}
	EndGlobalSection
EndGlobal
